<Solution>
  <Configurations>
    <BuildType Name="Debug" />
    <BuildType Name="Release" />
    <Platform Name="x64" />
    <Platform Name="ARM64" />
  </Configurations>
  <Folder Name="/ltheory/">
    <Project Path="FrontierOutpost/src/launch/launch.vcxproj" />
    <Project Path="FrontierOutpost/src/liblt/lt.vcxproj" />
  </Folder>
  <Folder Name="/SFML/">
    <Project Path="FrontierOutpost/ext/SFML/src/SFML/Graphics/sfml-graphics.vcxproj" />
    <Project Path="FrontierOutpost/ext/SFML/src/SFML/System/sfml-system.vcxproj" />
    <Project Path="FrontierOutpost/ext/SFML/src/SFML/Window/sfml-window.vcxproj" />
  </Folder>
  <Folder Name="/NeuronClient/">
    <Project Path="NeuronClient/NeuronClient.vcxproj" />
    <Project Path="Tests/NeuronClientTests/NeuronClientTests.vcxproj" />
  </Folder>
  <Folder Name="/dependencies/">
    <Project Path="FrontierOutpost/ext/freetype/freetype.vcxproj" />
    <Project Path="FrontierOutpost/ext/glew/glew.vcxproj" />
  </Folder>
</Solution>
