<?xml version="1.0" encoding="utf-8"?>
<Project ToolsVersion="4.0" xmlns="http://schemas.microsoft.com/developer/msbuild/2003">
  <ItemGroup>
    <ClInclude Include="pch.h" />
    <ClInclude Include="ByteReader.h" />
    <ClInclude Include="ByteWriter.h" />
    <ClInclude Include="Debug.h" />
    <ClInclude Include="FrameStream.h" />
    <ClInclude Include="Protocol.h" />
    <ClInclude Include="Socket.h" />
    <ClInclude Include="Id.h" />
    <ClInclude Include="NeuronCore.h" />
    <ClInclude Include="Prng.h" />
    <ClInclude Include="Simulation.h" />
    <ClInclude Include="Text.h" />
    <ClInclude Include="TickSchedule.h" />
    <ClInclude Include="Turns16.h" />
  </ItemGroup>
  <ItemGroup>
    <ClCompile Include="FrameStream.cpp" />
    <ClCompile Include="Protocol.cpp" />
    <ClCompile Include="Socket.cpp" />
    <ClCompile Include="pch.cpp" />
  </ItemGroup>
</Project>