<?xml version="1.0" encoding="utf-8"?>
<Project ToolsVersion="4.0" xmlns="http://schemas.microsoft.com/developer/msbuild/2003">
  <ItemGroup>
    <ClInclude Include="Lockstep.h" />
    <ClInclude Include="ConnectionDialog.h" />
    <ClInclude Include="HostedServer.h" />
    <ClInclude Include="DesignTokens.h" />
    <ClInclude Include="MapRender.h" />
    <ClInclude Include="MainPage.h" />
    <ClInclude Include="MatchConnection.h" />
    <ClInclude Include="MapView.h" />
    <ClInclude Include="SnapshotView.h" />
    <ClInclude Include="DigestView.h" />
    <ClInclude Include="JoinPage.h" />
    <ClInclude Include="SeatsPage.h" />
    <ClInclude Include="MatchState.h" />
    <ClInclude Include="pch.h" />
  </ItemGroup>
  <ItemGroup>
    <ClCompile Include="Lockstep.cpp" />
    <ClCompile Include="ConnectionDialog.cpp" />
    <ClCompile Include="HostedServer.cpp" />
    <ClCompile Include="DesignTokens.cpp" />
    <ClCompile Include="MapRender.cpp" />
    <ClCompile Include="MainPage.cpp" />
    <ClCompile Include="MatchConnection.cpp" />
    <ClCompile Include="SnapshotView.cpp" />
    <ClCompile Include="DigestView.cpp" />
    <ClCompile Include="JoinPage.cpp" />
    <ClCompile Include="SeatsPage.cpp" />
    <ClCompile Include="MatchState.cpp" />
    <ClCompile Include="pch.cpp" />
  </ItemGroup>
</Project>