<?xml version="1.0" encoding="utf-8"?>
<Project ToolsVersion="4.0" xmlns="http://schemas.microsoft.com/developer/msbuild/2003">
  <ItemGroup>
    <ClInclude Include="Lockstep.h" />
    <ClInclude Include="HostedServer.h" />
    <ClInclude Include="MainPage.h" />
    <ClInclude Include="MatchConnection.h" />
    <ClInclude Include="MapView.h" />
    <ClInclude Include="SnapshotView.h" />
    <ClInclude Include="DigestView.h" />
    <ClInclude Include="MatchFixture.h" />
    <ClInclude Include="MatchState.h" />
    <ClInclude Include="pch.h" />
  </ItemGroup>
  <ItemGroup>
    <ClCompile Include="Lockstep.cpp" />
    <ClCompile Include="HostedServer.cpp" />
    <ClCompile Include="MainPage.cpp" />
    <ClCompile Include="MatchConnection.cpp" />
    <ClCompile Include="SnapshotView.cpp" />
    <ClCompile Include="DigestView.cpp" />
    <ClCompile Include="MatchFixture.cpp" />
    <ClCompile Include="MatchState.cpp" />
    <ClCompile Include="pch.cpp" />
  </ItemGroup>
</Project>