<?xml version="1.0" encoding="utf-8"?>
<Project ToolsVersion="4.0" xmlns="http://schemas.microsoft.com/developer/msbuild/2003">
  <ItemGroup>
    <Filter Include="include">
      <UniqueIdentifier>{8D142271-380E-50E2-A1C2-460D53C0D9E7}</UniqueIdentifier>
    </Filter>
    <Filter Include="include\SFML">
      <UniqueIdentifier>{F0068AAD-4B51-538B-84D4-A1746B101245}</UniqueIdentifier>
    </Filter>
    <Filter Include="include\SFML\Graphics">
      <UniqueIdentifier>{075B2D95-CC3A-51BE-A38C-585F7C54C928}</UniqueIdentifier>
    </Filter>
    <Filter Include="src">
      <UniqueIdentifier>{091F05B9-2D25-55F1-A5B2-B86171CD0871}</UniqueIdentifier>
    </Filter>
    <Filter Include="src\SFML">
      <UniqueIdentifier>{30BBEC7A-0946-5138-8ACE-9019D1CDFF9B}</UniqueIdentifier>
    </Filter>
    <Filter Include="src\SFML\Graphics">
      <UniqueIdentifier>{36C3AD7B-EE98-51ED-B591-22D19113D5AA}</UniqueIdentifier>
    </Filter>
  </ItemGroup>
  <ItemGroup>
    <ClCompile Include="BlendMode.cpp">
      <Filter>src\SFML\Graphics</Filter>
    </ClCompile>
    <ClCompile Include="Color.cpp">
      <Filter>src\SFML\Graphics</Filter>
    </ClCompile>
    <ClCompile Include="Font.cpp">
      <Filter>src\SFML\Graphics</Filter>
    </ClCompile>
    <ClCompile Include="Glsl.cpp">
      <Filter>src\SFML\Graphics</Filter>
    </ClCompile>
    <ClCompile Include="GLCheck.cpp">
      <Filter>src\SFML\Graphics</Filter>
    </ClCompile>
    <ClCompile Include="GLExtensions.cpp">
      <Filter>src\SFML\Graphics</Filter>
    </ClCompile>
    <ClCompile Include="Image.cpp">
      <Filter>src\SFML\Graphics</Filter>
    </ClCompile>
    <ClCompile Include="ImageLoader.cpp">
      <Filter>src\SFML\Graphics</Filter>
    </ClCompile>
    <ClCompile Include="RenderStates.cpp">
      <Filter>src\SFML\Graphics</Filter>
    </ClCompile>
    <ClCompile Include="RenderTexture.cpp">
      <Filter>src\SFML\Graphics</Filter>
    </ClCompile>
    <ClCompile Include="RenderTarget.cpp">
      <Filter>src\SFML\Graphics</Filter>
    </ClCompile>
    <ClCompile Include="RenderWindow.cpp">
      <Filter>src\SFML\Graphics</Filter>
    </ClCompile>
    <ClCompile Include="Shader.cpp">
      <Filter>src\SFML\Graphics</Filter>
    </ClCompile>
    <ClCompile Include="Texture.cpp">
      <Filter>src\SFML\Graphics</Filter>
    </ClCompile>
    <ClCompile Include="TextureSaver.cpp">
      <Filter>src\SFML\Graphics</Filter>
    </ClCompile>
    <ClCompile Include="Transform.cpp">
      <Filter>src\SFML\Graphics</Filter>
    </ClCompile>
    <ClCompile Include="Transformable.cpp">
      <Filter>src\SFML\Graphics</Filter>
    </ClCompile>
    <ClCompile Include="View.cpp">
      <Filter>src\SFML\Graphics</Filter>
    </ClCompile>
    <ClCompile Include="Vertex.cpp">
      <Filter>src\SFML\Graphics</Filter>
    </ClCompile>
    <ClCompile Include="GLLoader.cpp">
      <Filter>src\SFML\Graphics</Filter>
    </ClCompile>
    <ClCompile Include="Shape.cpp">
      <Filter>src\SFML\Graphics</Filter>
    </ClCompile>
    <ClCompile Include="CircleShape.cpp">
      <Filter>src\SFML\Graphics</Filter>
    </ClCompile>
    <ClCompile Include="RectangleShape.cpp">
      <Filter>src\SFML\Graphics</Filter>
    </ClCompile>
    <ClCompile Include="ConvexShape.cpp">
      <Filter>src\SFML\Graphics</Filter>
    </ClCompile>
    <ClCompile Include="Sprite.cpp">
      <Filter>src\SFML\Graphics</Filter>
    </ClCompile>
    <ClCompile Include="Text.cpp">
      <Filter>src\SFML\Graphics</Filter>
    </ClCompile>
    <ClCompile Include="VertexArray.cpp">
      <Filter>src\SFML\Graphics</Filter>
    </ClCompile>
    <ClCompile Include="VertexBuffer.cpp">
      <Filter>src\SFML\Graphics</Filter>
    </ClCompile>
    <ClCompile Include="RenderTextureImpl.cpp">
      <Filter>src\SFML\Graphics</Filter>
    </ClCompile>
    <ClCompile Include="RenderTextureImplFBO.cpp">
      <Filter>src\SFML\Graphics</Filter>
    </ClCompile>
    <ClCompile Include="RenderTextureImplDefault.cpp">
      <Filter>src\SFML\Graphics</Filter>
    </ClCompile>
  </ItemGroup>
  <ItemGroup>
    <ClInclude Include="..\..\..\include\SFML\Graphics\BlendMode.hpp">
      <Filter>include\SFML\Graphics</Filter>
    </ClInclude>
    <ClInclude Include="..\..\..\include\SFML\Graphics\CircleShape.hpp">
      <Filter>include\SFML\Graphics</Filter>
    </ClInclude>
    <ClInclude Include="..\..\..\include\SFML\Graphics\Color.hpp">
      <Filter>include\SFML\Graphics</Filter>
    </ClInclude>
    <ClInclude Include="..\..\..\include\SFML\Graphics\ConvexShape.hpp">
      <Filter>include\SFML\Graphics</Filter>
    </ClInclude>
    <ClInclude Include="..\..\..\include\SFML\Graphics\Drawable.hpp">
      <Filter>include\SFML\Graphics</Filter>
    </ClInclude>
    <ClInclude Include="..\..\..\include\SFML\Graphics\Export.hpp">
      <Filter>include\SFML\Graphics</Filter>
    </ClInclude>
    <ClInclude Include="..\..\..\include\SFML\Graphics\Font.hpp">
      <Filter>include\SFML\Graphics</Filter>
    </ClInclude>
    <ClInclude Include="..\..\..\include\SFML\Graphics\Glsl.hpp">
      <Filter>include\SFML\Graphics</Filter>
    </ClInclude>
    <ClInclude Include="..\..\..\include\SFML\Graphics\Glsl.inl">
      <Filter>include\SFML\Graphics</Filter>
    </ClInclude>
    <ClInclude Include="..\..\..\include\SFML\Graphics\Glyph.hpp">
      <Filter>include\SFML\Graphics</Filter>
    </ClInclude>
    <ClInclude Include="..\..\..\include\SFML\Graphics\Image.hpp">
      <Filter>include\SFML\Graphics</Filter>
    </ClInclude>
    <ClInclude Include="..\..\..\include\SFML\Graphics\PrimitiveType.hpp">
      <Filter>include\SFML\Graphics</Filter>
    </ClInclude>
    <ClInclude Include="..\..\..\include\SFML\Graphics\Rect.hpp">
      <Filter>include\SFML\Graphics</Filter>
    </ClInclude>
    <ClInclude Include="..\..\..\include\SFML\Graphics\Rect.inl">
      <Filter>include\SFML\Graphics</Filter>
    </ClInclude>
    <ClInclude Include="..\..\..\include\SFML\Graphics\RectangleShape.hpp">
      <Filter>include\SFML\Graphics</Filter>
    </ClInclude>
    <ClInclude Include="..\..\..\include\SFML\Graphics\RenderStates.hpp">
      <Filter>include\SFML\Graphics</Filter>
    </ClInclude>
    <ClInclude Include="..\..\..\include\SFML\Graphics\RenderTarget.hpp">
      <Filter>include\SFML\Graphics</Filter>
    </ClInclude>
    <ClInclude Include="..\..\..\include\SFML\Graphics\RenderTexture.hpp">
      <Filter>include\SFML\Graphics</Filter>
    </ClInclude>
    <ClInclude Include="..\..\..\include\SFML\Graphics\RenderWindow.hpp">
      <Filter>include\SFML\Graphics</Filter>
    </ClInclude>
    <ClInclude Include="..\..\..\include\SFML\Graphics\Shader.hpp">
      <Filter>include\SFML\Graphics</Filter>
    </ClInclude>
    <ClInclude Include="..\..\..\include\SFML\Graphics\Shape.hpp">
      <Filter>include\SFML\Graphics</Filter>
    </ClInclude>
    <ClInclude Include="..\..\..\include\SFML\Graphics\Sprite.hpp">
      <Filter>include\SFML\Graphics</Filter>
    </ClInclude>
    <ClInclude Include="..\..\..\include\SFML\Graphics\Text.hpp">
      <Filter>include\SFML\Graphics</Filter>
    </ClInclude>
    <ClInclude Include="..\..\..\include\SFML\Graphics\Texture.hpp">
      <Filter>include\SFML\Graphics</Filter>
    </ClInclude>
    <ClInclude Include="..\..\..\include\SFML\Graphics\Transform.hpp">
      <Filter>include\SFML\Graphics</Filter>
    </ClInclude>
    <ClInclude Include="..\..\..\include\SFML\Graphics\Transformable.hpp">
      <Filter>include\SFML\Graphics</Filter>
    </ClInclude>
    <ClInclude Include="..\..\..\include\SFML\Graphics\Vertex.hpp">
      <Filter>include\SFML\Graphics</Filter>
    </ClInclude>
    <ClInclude Include="..\..\..\include\SFML\Graphics\VertexArray.hpp">
      <Filter>include\SFML\Graphics</Filter>
    </ClInclude>
    <ClInclude Include="..\..\..\include\SFML\Graphics\VertexBuffer.hpp">
      <Filter>include\SFML\Graphics</Filter>
    </ClInclude>
    <ClInclude Include="..\..\..\include\SFML\Graphics\View.hpp">
      <Filter>include\SFML\Graphics</Filter>
    </ClInclude>
    <ClInclude Include="GLCheck.hpp">
      <Filter>src\SFML\Graphics</Filter>
    </ClInclude>
    <ClInclude Include="GLExtensions.hpp">
      <Filter>src\SFML\Graphics</Filter>
    </ClInclude>
    <ClInclude Include="GLLoader.hpp">
      <Filter>src\SFML\Graphics</Filter>
    </ClInclude>
    <ClInclude Include="ImageLoader.hpp">
      <Filter>src\SFML\Graphics</Filter>
    </ClInclude>
    <ClInclude Include="RenderTextureImpl.hpp">
      <Filter>src\SFML\Graphics</Filter>
    </ClInclude>
    <ClInclude Include="RenderTextureImplDefault.hpp">
      <Filter>src\SFML\Graphics</Filter>
    </ClInclude>
    <ClInclude Include="RenderTextureImplFBO.hpp">
      <Filter>src\SFML\Graphics</Filter>
    </ClInclude>
    <ClInclude Include="TextureSaver.hpp">
      <Filter>src\SFML\Graphics</Filter>
    </ClInclude>
  </ItemGroup>
</Project>
