<?xml version="1.0" encoding="utf-8"?>
<Project ToolsVersion="4.0" xmlns="http://schemas.microsoft.com/developer/msbuild/2003">
  <ItemGroup>
    <Filter Include="Header Files">
      <UniqueIdentifier>{93995380-89BD-4b04-88EB-625FBE52EBFB}</UniqueIdentifier>
      <Extensions>h</Extensions>
    </Filter>
    <Filter Include="Source Files">
      <UniqueIdentifier>{4FC737F1-C7A5-4376-A066-2A32D752A2FF}</UniqueIdentifier>
      <Extensions>cpp</Extensions>
    </Filter>
    <Filter Include="Shaders">
      <UniqueIdentifier>{734182F1-78C4-4397-8C5A-EAB772C7F868}</UniqueIdentifier>
      <Extensions>hlsl;hlsli</Extensions>
    </Filter>
  </ItemGroup>
  <ItemGroup>
    <ClInclude Include="AudioDevice.h">
      <Filter>Header Files</Filter>
    </ClInclude>
    <ClInclude Include="Buffer.h">
      <Filter>Header Files</Filter>
    </ClInclude>
    <ClInclude Include="ComScope.h">
      <Filter>Header Files</Filter>
    </ClInclude>
    <ClInclude Include="DrawContext.h">
      <Filter>Header Files</Filter>
    </ClInclude>
    <ClInclude Include="Float3.h">
      <Filter>Header Files</Filter>
    </ClInclude>
    <ClInclude Include="GraphicsCore.h">
      <Filter>Header Files</Filter>
    </ClInclude>
    <ClInclude Include="GraphicsDevice.h">
      <Filter>Header Files</Filter>
    </ClInclude>
    <ClInclude Include="ImageFile.h">
      <Filter>Header Files</Filter>
    </ClInclude>
    <ClInclude Include="FontFace.h">
      <Filter>Header Files</Filter>
    </ClInclude>
    <ClInclude Include="Key.h">
      <Filter>Header Files</Filter>
    </ClInclude>
    <ClInclude Include="Program.h">
      <Filter>Header Files</Filter>
    </ClInclude>
    <ClInclude Include="SoundBuffer.h">
      <Filter>Header Files</Filter>
    </ClInclude>
    <ClInclude Include="Texture.h">
      <Filter>Header Files</Filter>
    </ClInclude>
    <ClInclude Include="Unicode.h">
      <Filter>Header Files</Filter>
    </ClInclude>
    <ClInclude Include="Window.h">
      <Filter>Header Files</Filter>
    </ClInclude>
    <ClInclude Include="pch.h">
      <Filter>Header Files</Filter>
    </ClInclude>
  </ItemGroup>
  <ItemGroup>
    <ClCompile Include="AudioDevice.cpp">
      <Filter>Source Files</Filter>
    </ClCompile>
    <ClCompile Include="Buffer.cpp">
      <Filter>Source Files</Filter>
    </ClCompile>
    <ClCompile Include="DrawContext.cpp">
      <Filter>Source Files</Filter>
    </ClCompile>
    <ClCompile Include="GraphicsCore.cpp">
      <Filter>Source Files</Filter>
    </ClCompile>
    <ClCompile Include="GraphicsDevice.cpp">
      <Filter>Source Files</Filter>
    </ClCompile>
    <ClCompile Include="ImageFile.cpp">
      <Filter>Source Files</Filter>
    </ClCompile>
    <ClCompile Include="FontFace.cpp">
      <Filter>Source Files</Filter>
    </ClCompile>
    <ClCompile Include="Key.cpp">
      <Filter>Source Files</Filter>
    </ClCompile>
    <ClCompile Include="Program.cpp">
      <Filter>Source Files</Filter>
    </ClCompile>
    <ClCompile Include="SoundBuffer.cpp">
      <Filter>Source Files</Filter>
    </ClCompile>
    <ClCompile Include="Texture.cpp">
      <Filter>Source Files</Filter>
    </ClCompile>
    <ClCompile Include="Unicode.cpp">
      <Filter>Source Files</Filter>
    </ClCompile>
    <ClCompile Include="Window.cpp">
      <Filter>Source Files</Filter>
    </ClCompile>
    <ClCompile Include="pch.cpp">
      <Filter>Source Files</Filter>
    </ClCompile>
  </ItemGroup>
  <ItemGroup>
    <FxCompile Include="Shaders\GenerateMipsCS.hlsl">
      <Filter>Shaders</Filter>
    </FxCompile>
  </ItemGroup>
</Project>
