<?xml version="1.0" encoding="utf-8"?>
<Project ToolsVersion="4.0" xmlns="http://schemas.microsoft.com/developer/msbuild/2003">
  <ItemGroup>
    <ClCompile Include="pch.cpp" />
    <ClCompile Include="GameLogicTests.cpp" />
    <ClCompile Include="InstrumentationTests.cpp" />
    <ClCompile Include="MatchTests.cpp" />
    <ClCompile Include="CombatTests.cpp" />
    <ClCompile Include="DiplomacyTests.cpp" />
    <ClCompile Include="PlayerTests.cpp" />
    <ClCompile Include="SnapshotTests.cpp" />
    <ClCompile Include="ScriptedMatchTests.cpp" />
  </ItemGroup>
  <ItemGroup>
    <ClInclude Include="pch.h" />
  </ItemGroup>
</Project>