<?xml version="1.0" encoding="utf-8"?>
<Project ToolsVersion="4.0" xmlns="http://schemas.microsoft.com/developer/msbuild/2003">
  <ItemGroup>
    <ClCompile Include="pch.cpp" />
    <ClCompile Include="NeuronClientTests.cpp" />
    <ClCompile Include="FontTests.cpp" />
    <ClCompile Include="RendererTests.cpp" />
    <ClCompile Include="PointerInputTests.cpp" />
    <ClCompile Include="GestureTests.cpp" />
    <ClCompile Include="OrbitCameraTests.cpp" />
    <ClCompile Include="TextFieldTests.cpp" />
    <ClCompile Include="StarfieldTests.cpp" />
  </ItemGroup>
  <ItemGroup>
    <ClInclude Include="pch.h" />
  </ItemGroup>
</Project>