<?xml version="1.0" encoding="utf-8"?>
<Project ToolsVersion="4.0" xmlns="http://schemas.microsoft.com/developer/msbuild/2003">
  <ItemGroup>
    <Filter Include="Shaders">
      <UniqueIdentifier>{7A2C1B64-5D1E-4F2B-9C44-2E6B1C0F9A31}</UniqueIdentifier>
      <Extensions>hlsl;hlsli</Extensions>
    </Filter>
  </ItemGroup>
  <ItemGroup>
    <ClInclude Include="Check.h" />
    <ClInclude Include="ExactColors.h" />
    <ClInclude Include="pch.h" />
    <ClInclude Include="Repository.h" />
    <ClInclude Include="TestDevice.h" />
  </ItemGroup>
  <ItemGroup>
    <ClCompile Include="AudioOutput.cpp" />
    <ClCompile Include="ComputeDispatches.cpp" />
    <ClCompile Include="CubeTargets.cpp" />
    <ClCompile Include="DebugEvents.cpp" />
    <ClCompile Include="DrawCalls.cpp" />
    <ClCompile Include="GlyphRendering.cpp" />
    <ClCompile Include="GraphicsDeviceFrames.cpp" />
    <ClCompile Include="ImageCoding.cpp" />
    <ClCompile Include="KeyMapping.cpp" />
    <ClCompile Include="MipGeneration.cpp" />
    <ClCompile Include="pch.cpp" />
    <ClCompile Include="Presentation.cpp" />
    <ClCompile Include="ProgramReflection.cpp" />
    <ClCompile Include="RemovalReports.cpp" />
    <ClCompile Include="ShaderReflection.cpp" />
    <ClCompile Include="SoundParsing.cpp" />
    <ClCompile Include="TargetClears.cpp" />
    <ClCompile Include="TexturedDraws.cpp" />
    <ClCompile Include="TextureTransfers.cpp" />
    <ClCompile Include="UnicodeText.cpp" />
    <ClCompile Include="WarpDevice.cpp" />
    <ClCompile Include="WindowEvents.cpp" />
  </ItemGroup>
  <ItemGroup>
    <FxCompile Include="Shaders\AccumulateCS.hlsl">
      <Filter>Shaders</Filter>
    </FxCompile>
    <FxCompile Include="Shaders\AttributePS.hlsl">
      <Filter>Shaders</Filter>
    </FxCompile>
    <FxCompile Include="Shaders\AttributeVS.hlsl">
      <Filter>Shaders</Filter>
    </FxCompile>
    <FxCompile Include="Shaders\CubePS.hlsl">
      <Filter>Shaders</Filter>
    </FxCompile>
    <FxCompile Include="Shaders\FieldCS.hlsl">
      <Filter>Shaders</Filter>
    </FxCompile>
    <FxCompile Include="Shaders\NamedBufferPS.hlsl">
      <Filter>Shaders</Filter>
    </FxCompile>
    <FxCompile Include="Shaders\NamesCS.hlsl">
      <Filter>Shaders</Filter>
    </FxCompile>
    <FxCompile Include="Shaders\NamesPS.hlsl">
      <Filter>Shaders</Filter>
    </FxCompile>
    <FxCompile Include="Shaders\NamesVS.hlsl">
      <Filter>Shaders</Filter>
    </FxCompile>
    <FxCompile Include="Shaders\ProbePS.hlsl">
      <Filter>Shaders</Filter>
    </FxCompile>
    <FxCompile Include="Shaders\SolidPS.hlsl">
      <Filter>Shaders</Filter>
    </FxCompile>
    <FxCompile Include="Shaders\SolidVS.hlsl">
      <Filter>Shaders</Filter>
    </FxCompile>
    <FxCompile Include="Shaders\TexturedPS.hlsl">
      <Filter>Shaders</Filter>
    </FxCompile>
    <FxCompile Include="Shaders\TexturedVS.hlsl">
      <Filter>Shaders</Filter>
    </FxCompile>
    <FxCompile Include="Shaders\TwoTargetsPS.hlsl">
      <Filter>Shaders</Filter>
    </FxCompile>
    <FxCompile Include="Shaders\VolumePS.hlsl">
      <Filter>Shaders</Filter>
    </FxCompile>
  </ItemGroup>
</Project>